
Microsoft Visual Studio Solution File, Format Version 12.00
# Visual Studio 2015
Project("{FAE04EC0-301F-11D3-BF4B-00C04F79EFBC}") = "MeshRoller.CSharp.Editor", "MeshRoller.CSharp.Editor.csproj", "{551C3351-BAC3-F9CE-B323-DF692BC16146}"
EndProject
Global
	GlobalSection(SolutionConfigurationPlatforms) = preSolution
		Debug|Any CPU = Debug|Any CPU
		Release|Any CPU = Release|Any CPU
	EndGlobalSection
	GlobalSection(ProjectConfigurationPlatforms) = postSolution
		{551C3351-BAC3-F9CE-B323-DF692BC16146}.Debug|Any CPU.ActiveCfg = Debug|Any CPU
		{551C3351-BAC3-F9CE-B323-DF692BC16146}.Debug|Any CPU.Build.0 = Debug|Any CPU
		{551C3351-BAC3-F9CE-B323-DF692BC16146}.Release|Any CPU.ActiveCfg = Release|Any CPU
		{551C3351-BAC3-F9CE-B323-DF692BC16146}.Release|Any CPU.Build.0 = Release|Any CPU
	EndGlobalSection
	GlobalSection(SolutionProperties) = preSolution
		HideSolutionNode = FALSE
	EndGlobalSection
EndGlobal
